
Microsoft Visual Studio Solution File, Format Version 12.00
# Visual Studio 15
VisualStudioVersion = 15.0.35213.121
MinimumVisualStudioVersion = 10.0.40219.1
Project("{FAE04EC0-301F-11D3-BF4B-00C04F79EFBC}") = "BankaYonetimSistemi", "BankaYonetimSistemi\BankaYonetimSistemi.csproj", "{CA6A3EB7-68C8-4A5C-A8D9-C8875D1ABEB0}"
EndProject
Global
	GlobalSection(SolutionConfigurationPlatforms) = preSolution
		Debug|Any CPU = Debug|Any CPU
		Release|Any CPU = Release|Any CPU
	EndGlobalSection
	GlobalSection(ProjectConfigurationPlatforms) = postSolution
		{CA6A3EB7-68C8-4A5C-A8D9-C8875D1ABEB0}.Debug|Any CPU.ActiveCfg = Debug|Any CPU
		{CA6A3EB7-68C8-4A5C-A8D9-C8875D1ABEB0}.Debug|Any CPU.Build.0 = Debug|Any CPU
		{CA6A3EB7-68C8-4A5C-A8D9-C8875D1ABEB0}.Release|Any CPU.ActiveCfg = Release|Any CPU
		{CA6A3EB7-68C8-4A5C-A8D9-C8875D1ABEB0}.Release|Any CPU.Build.0 = Release|Any CPU
	EndGlobalSection
	GlobalSection(SolutionProperties) = preSolution
		HideSolutionNode = FALSE
	EndGlobalSection
	GlobalSection(ExtensibilityGlobals) = postSolution
		SolutionGuid = {32C2F0B5-7621-4227-AF31-EEE21A037957}
	EndGlobalSection
EndGlobal
