
Microsoft Visual Studio Solution File, Format Version 12.00
# Visual Studio 15
VisualStudioVersion = 15.0.35213.121
MinimumVisualStudioVersion = 10.0.40219.1
Project("{FAE04EC0-301F-11D3-BF4B-00C04F79EFBC}") = "Abstract_BankaHesap", "Abstract_BankaHesap\Abstract_BankaHesap.csproj", "{481FB6A1-6DBE-4DFC-BAF8-898AE98F03E4}"
EndProject
Global
	GlobalSection(SolutionConfigurationPlatforms) = preSolution
		Debug|Any CPU = Debug|Any CPU
		Release|Any CPU = Release|Any CPU
	EndGlobalSection
	GlobalSection(ProjectConfigurationPlatforms) = postSolution
		{481FB6A1-6DBE-4DFC-BAF8-898AE98F03E4}.Debug|Any CPU.ActiveCfg = Debug|Any CPU
		{481FB6A1-6DBE-4DFC-BAF8-898AE98F03E4}.Debug|Any CPU.Build.0 = Debug|Any CPU
		{481FB6A1-6DBE-4DFC-BAF8-898AE98F03E4}.Release|Any CPU.ActiveCfg = Release|Any CPU
		{481FB6A1-6DBE-4DFC-BAF8-898AE98F03E4}.Release|Any CPU.Build.0 = Release|Any CPU
	EndGlobalSection
	GlobalSection(SolutionProperties) = preSolution
		HideSolutionNode = FALSE
	EndGlobalSection
	GlobalSection(ExtensibilityGlobals) = postSolution
		SolutionGuid = {0E26940F-C852-489D-BD9A-00675B266E56}
	EndGlobalSection
EndGlobal
